
Microsoft Visual Studio Solution File, Format Version 12.00
# Visual Studio Version 17
VisualStudioVersion = 17.11.35327.3
MinimumVisualStudioVersion = 10.0.40219.1
Project("{2150E333-8FDC-42A3-9474-1A3956D46DE8}") = "Core", "Core", "{919524AF-5E92-445B-AB47-13D98D0CC7C8}"
EndProject
Project("{2150E333-8FDC-42A3-9474-1A3956D46DE8}") = "Infrastructure", "Infrastructure", "{423C5126-EC4C-408F-BB31-EF8850FB5BBD}"
EndProject
Project("{2150E333-8FDC-42A3-9474-1A3956D46DE8}") = "Presentation", "Presentation", "{149595B8-029B-4C00-8C69-BF8DDDF25F16}"
EndProject
Project("{2150E333-8FDC-42A3-9474-1A3956D46DE8}") = "Tests", "Tests", "{664E0DF6-F953-40AA-8F3E-9F050758176A}"
EndProject
Project("{9A19103F-16F7-4668-BE54-9A1E7A4F7556}") = "School.Domain", "School.Domain\School.Domain.csproj", "{37CD154F-117F-4D07-8E64-3D062C21EC92}"
EndProject
Project("{9A19103F-16F7-4668-BE54-9A1E7A4F7556}") = "School.Application", "School.Application\School.Application.csproj", "{56EE90C1-CC9D-48F1-8BF4-D40ED08A5E50}"
EndProject
Project("{9A19103F-16F7-4668-BE54-9A1E7A4F7556}") = "School.Persistence", "School.Persistence\School.Persistence.csproj", "{878756F1-BB3D-4CFB-94FC-74BA886708DD}"
EndProject
Project("{9A19103F-16F7-4668-BE54-9A1E7A4F7556}") = "School.WebApi", "School.WebApi\School.WebApi.csproj", "{93617A9D-E239-4E8D-A165-CE8394FAC5D5}"
EndProject
Project("{FAE04EC0-301F-11D3-BF4B-00C04F79EFBC}") = "School.Tests", "School.Tests\School.Tests.csproj", "{7A1AF66F-C681-40B2-8230-8F4B3C9B6CFE}"
EndProject
Project("{2150E333-8FDC-42A3-9474-1A3956D46DE8}") = "Client", "Client", "{813B2DF5-4D80-4D52-99E9-1D75EE687CB6}"
EndProject
Project("{54A90642-561A-4BB1-A94E-469ADEE60C69}") = "School.Angular", "School.Angular\School.Angular.esproj", "{496B5016-5C79-4D6B-81B0-B5922FFB1D59}"
EndProject
Global
	GlobalSection(SolutionConfigurationPlatforms) = preSolution
		Debug|Any CPU = Debug|Any CPU
		Release|Any CPU = Release|Any CPU
	EndGlobalSection
	GlobalSection(ProjectConfigurationPlatforms) = postSolution
		{37CD154F-117F-4D07-8E64-3D062C21EC92}.Debug|Any CPU.ActiveCfg = Debug|Any CPU
		{37CD154F-117F-4D07-8E64-3D062C21EC92}.Debug|Any CPU.Build.0 = Debug|Any CPU
		{37CD154F-117F-4D07-8E64-3D062C21EC92}.Release|Any CPU.ActiveCfg = Release|Any CPU
		{37CD154F-117F-4D07-8E64-3D062C21EC92}.Release|Any CPU.Build.0 = Release|Any CPU
		{56EE90C1-CC9D-48F1-8BF4-D40ED08A5E50}.Debug|Any CPU.ActiveCfg = Debug|Any CPU
		{56EE90C1-CC9D-48F1-8BF4-D40ED08A5E50}.Debug|Any CPU.Build.0 = Debug|Any CPU
		{56EE90C1-CC9D-48F1-8BF4-D40ED08A5E50}.Release|Any CPU.ActiveCfg = Release|Any CPU
		{56EE90C1-CC9D-48F1-8BF4-D40ED08A5E50}.Release|Any CPU.Build.0 = Release|Any CPU
		{878756F1-BB3D-4CFB-94FC-74BA886708DD}.Debug|Any CPU.ActiveCfg = Debug|Any CPU
		{878756F1-BB3D-4CFB-94FC-74BA886708DD}.Debug|Any CPU.Build.0 = Debug|Any CPU
		{878756F1-BB3D-4CFB-94FC-74BA886708DD}.Release|Any CPU.ActiveCfg = Release|Any CPU
		{878756F1-BB3D-4CFB-94FC-74BA886708DD}.Release|Any CPU.Build.0 = Release|Any CPU
		{93617A9D-E239-4E8D-A165-CE8394FAC5D5}.Debug|Any CPU.ActiveCfg = Debug|Any CPU
		{93617A9D-E239-4E8D-A165-CE8394FAC5D5}.Debug|Any CPU.Build.0 = Debug|Any CPU
		{93617A9D-E239-4E8D-A165-CE8394FAC5D5}.Release|Any CPU.ActiveCfg = Release|Any CPU
		{93617A9D-E239-4E8D-A165-CE8394FAC5D5}.Release|Any CPU.Build.0 = Release|Any CPU
		{7A1AF66F-C681-40B2-8230-8F4B3C9B6CFE}.Debug|Any CPU.ActiveCfg = Debug|Any CPU
		{7A1AF66F-C681-40B2-8230-8F4B3C9B6CFE}.Release|Any CPU.ActiveCfg = Release|Any CPU
		{7A1AF66F-C681-40B2-8230-8F4B3C9B6CFE}.Release|Any CPU.Build.0 = Release|Any CPU
		{496B5016-5C79-4D6B-81B0-B5922FFB1D59}.Debug|Any CPU.ActiveCfg = Debug|Any CPU
		{496B5016-5C79-4D6B-81B0-B5922FFB1D59}.Debug|Any CPU.Build.0 = Debug|Any CPU
		{496B5016-5C79-4D6B-81B0-B5922FFB1D59}.Debug|Any CPU.Deploy.0 = Debug|Any CPU
		{496B5016-5C79-4D6B-81B0-B5922FFB1D59}.Release|Any CPU.ActiveCfg = Release|Any CPU
		{496B5016-5C79-4D6B-81B0-B5922FFB1D59}.Release|Any CPU.Build.0 = Release|Any CPU
		{496B5016-5C79-4D6B-81B0-B5922FFB1D59}.Release|Any CPU.Deploy.0 = Release|Any CPU
	EndGlobalSection
	GlobalSection(SolutionProperties) = preSolution
		HideSolutionNode = FALSE
	EndGlobalSection
	GlobalSection(NestedProjects) = preSolution
		{37CD154F-117F-4D07-8E64-3D062C21EC92} = {919524AF-5E92-445B-AB47-13D98D0CC7C8}
		{56EE90C1-CC9D-48F1-8BF4-D40ED08A5E50} = {919524AF-5E92-445B-AB47-13D98D0CC7C8}
		{878756F1-BB3D-4CFB-94FC-74BA886708DD} = {423C5126-EC4C-408F-BB31-EF8850FB5BBD}
		{93617A9D-E239-4E8D-A165-CE8394FAC5D5} = {149595B8-029B-4C00-8C69-BF8DDDF25F16}
		{7A1AF66F-C681-40B2-8230-8F4B3C9B6CFE} = {664E0DF6-F953-40AA-8F3E-9F050758176A}
		{496B5016-5C79-4D6B-81B0-B5922FFB1D59} = {813B2DF5-4D80-4D52-99E9-1D75EE687CB6}
	EndGlobalSection
	GlobalSection(ExtensibilityGlobals) = postSolution
		SolutionGuid = {16D74DAB-6149-4284-BDDB-7ABD8DD76104}
	EndGlobalSection
EndGlobal
